
Microsoft Visual Studio Solution File, Format Version 10.00
# Visual C++ Express 2008
Project("{8BC9CEB8-8B4A-11D0-8D11-00A0C91BC942}") = "Fate diviner", "Fate diviner\Fate diviner.vcproj", "{76B9BD03-3317-40E5-9DC3-F4C378E69422}"
EndProject
Global
	GlobalSection(SolutionConfigurationPlatforms) = preSolution
		Debug|Win32 = Debug|Win32
		Release|Win32 = Release|Win32
	EndGlobalSection
	GlobalSection(ProjectConfigurationPlatforms) = postSolution
		{76B9BD03-3317-40E5-9DC3-F4C378E69422}.Debug|Win32.ActiveCfg = Debug|Win32
		{76B9BD03-3317-40E5-9DC3-F4C378E69422}.Debug|Win32.Build.0 = Debug|Win32
		{76B9BD03-3317-40E5-9DC3-F4C378E69422}.Release|Win32.ActiveCfg = Release|Win32
		{76B9BD03-3317-40E5-9DC3-F4C378E69422}.Release|Win32.Build.0 = Release|Win32
	EndGlobalSection
	GlobalSection(SolutionProperties) = preSolution
		HideSolutionNode = FALSE
	EndGlobalSection
EndGlobal
