
Microsoft Visual Studio Solution File, Format Version 10.00
# Visual C++ Express 2008
Project("{8BC9CEB8-8B4A-11D0-8D11-00A0C91BC942}") = "Final Project", "Final Project\Final Project.vcproj", "{D77A8561-6A25-4E24-BCA9-70ED0C4F77ED}"
EndProject
Global
	GlobalSection(SolutionConfigurationPlatforms) = preSolution
		Debug|Win32 = Debug|Win32
		Release|Win32 = Release|Win32
	EndGlobalSection
	GlobalSection(ProjectConfigurationPlatforms) = postSolution
		{D77A8561-6A25-4E24-BCA9-70ED0C4F77ED}.Debug|Win32.ActiveCfg = Debug|Win32
		{D77A8561-6A25-4E24-BCA9-70ED0C4F77ED}.Debug|Win32.Build.0 = Debug|Win32
		{D77A8561-6A25-4E24-BCA9-70ED0C4F77ED}.Release|Win32.ActiveCfg = Release|Win32
		{D77A8561-6A25-4E24-BCA9-70ED0C4F77ED}.Release|Win32.Build.0 = Release|Win32
	EndGlobalSection
	GlobalSection(SolutionProperties) = preSolution
		HideSolutionNode = FALSE
	EndGlobalSection
EndGlobal
