
Microsoft Visual Studio Solution File, Format Version 10.00
# Visual C++ Express 2008
Project("{8BC9CEB8-8B4A-11D0-8D11-00A0C91BC942}") = "Metric Converter", "Metric Converter\Metric Converter.vcproj", "{8E7BDEF4-DED5-4AE0-8C70-39570CD2F440}"
EndProject
Global
	GlobalSection(SolutionConfigurationPlatforms) = preSolution
		Debug|Win32 = Debug|Win32
		Release|Win32 = Release|Win32
	EndGlobalSection
	GlobalSection(ProjectConfigurationPlatforms) = postSolution
		{8E7BDEF4-DED5-4AE0-8C70-39570CD2F440}.Debug|Win32.ActiveCfg = Debug|Win32
		{8E7BDEF4-DED5-4AE0-8C70-39570CD2F440}.Debug|Win32.Build.0 = Debug|Win32
		{8E7BDEF4-DED5-4AE0-8C70-39570CD2F440}.Release|Win32.ActiveCfg = Release|Win32
		{8E7BDEF4-DED5-4AE0-8C70-39570CD2F440}.Release|Win32.Build.0 = Release|Win32
	EndGlobalSection
	GlobalSection(SolutionProperties) = preSolution
		HideSolutionNode = FALSE
	EndGlobalSection
EndGlobal
